{
  "name": "xgplayer-raw264",
  "version": "2.2.9",
  "lockfileVersion": 1,
  "requires": true,
  "dependencies": {
    "cross-env": {
      "version": "6.0.3",
      "resolved": "http://bnpm.byted.org/cross-env/download/cross-env-6.0.3.tgz",
      "integrity": "sha1-Qla3HkmzpAY3oM5wdopu9ccq6UE=",
      "dev": true,
      "requires": {
        "cross-spawn": "^7.0.0"
      }
    },
    "cross-spawn": {
      "version": "7.0.1",
      "resolved": "http://bnpm.byted.org/cross-spawn/download/cross-spawn-7.0.1.tgz",
      "integrity": "sha1-CrVihuD3wk4VPQTMKqAn5DqaXRQ=",
      "dev": true,
      "requires": {
        "path-key": "^3.1.0",
        "shebang-command": "^2.0.0",
        "which": "^2.0.1"
      }
    },
    "isexe": {
      "version": "2.0.0",
      "resolved": "http://bnpm.byted.org/isexe/download/isexe-2.0.0.tgz",
      "integrity": "sha1-6PvzdNxVb/iUehDcsFctYz8s+hA=",
      "dev": true
    },
    "path-key": {
      "version": "3.1.1",
      "resolved": "http://bnpm.byted.org/path-key/download/path-key-3.1.1.tgz",
      "integrity": "sha1-WB9q3mWMu6ZaDTOA3ndTKVBU83U=",
      "dev": true
    },
    "shebang-command": {
      "version": "2.0.0",
      "resolved": "http://bnpm.byted.org/shebang-command/download/shebang-command-2.0.0.tgz",
      "integrity": "sha1-zNCvT4g1+9wmW4JGGq8MNmY/NOo=",
      "dev": true,
      "requires": {
        "shebang-regex": "^3.0.0"
      }
    },
    "shebang-regex": {
      "version": "3.0.0",
      "resolved": "http://bnpm.byted.org/shebang-regex/download/shebang-regex-3.0.0.tgz",
      "integrity": "sha1-rhbxZE2HPsrYQ7AwexQzYtTEIXI=",
      "dev": true
    },
    "which": {
      "version": "2.0.2",
      "resolved": "http://bnpm.byted.org/which/download/which-2.0.2.tgz",
      "integrity": "sha1-fGqN0KY2oDJ+ELWckobu6T8/UbE=",
      "dev": true,
      "requires": {
        "isexe": "^2.0.0"
      }
    },
    "xgplayer-mobilevideo": {
      "version": "2.2.2",
      "resolved": "http://bnpm.byted.org/xgplayer-mobilevideo/download/xgplayer-mobilevideo-2.2.2.tgz",
      "integrity": "sha1-+gzAwXtBhhJxkCsmrm8QfIeVF2Y=",
      "requires": {
        "xgplayer-transmuxer-buffer-stream": "^2.2.1",
        "xgplayer-transmuxer-codec-avc": "^2.2.1"
      },
      "dependencies": {
        "xgplayer-transmuxer-buffer-stream": {
          "version": "2.2.1",
          "resolved": "http://bnpm.byted.org/xgplayer-transmuxer-buffer-stream/download/xgplayer-transmuxer-buffer-stream-2.2.1.tgz",
          "integrity": "sha1-//yb3Qr47wi4oO1SQY1V+11/G7A="
        }
      }
    },
    "xgplayer-transmuxer-buffer-xgbuffer": {
      "version": "2.2.1",
      "resolved": "http://bnpm.byted.org/xgplayer-transmuxer-buffer-xgbuffer/download/xgplayer-transmuxer-buffer-xgbuffer-2.2.1.tgz",
      "integrity": "sha1-ExM1lHpNsklJmXpfBl3QVy0QMTY="
    },
    "xgplayer-transmuxer-codec-avc": {
      "version": "2.2.1",
      "resolved": "http://bnpm.byted.org/xgplayer-transmuxer-codec-avc/download/xgplayer-transmuxer-codec-avc-2.2.1.tgz",
      "integrity": "sha1-KbqZ4zMcFY+wAvWAFgu0YcKN61w="
    },
    "xgplayer-transmuxer-constant-events": {
      "version": "2.2.1",
      "resolved": "http://bnpm.byted.org/xgplayer-transmuxer-constant-events/download/xgplayer-transmuxer-constant-events-2.2.1.tgz",
      "integrity": "sha1-uA9PQIhDYN50Un2zfj8qxNkPkmo="
    },
    "xgplayer-transmuxer-context": {
      "version": "2.2.1",
      "resolved": "http://bnpm.byted.org/xgplayer-transmuxer-context/download/xgplayer-transmuxer-context-2.2.1.tgz",
      "integrity": "sha1-zk7wCGfjNN4XlgRitM0bmIA9tds=",
      "requires": {
        "xgplayer-transmuxer-constant-events": "^2.2.1",
        "xgplayer-transmuxer-model-mediainfo": "^2.2.1"
      },
      "dependencies": {
        "xgplayer-transmuxer-model-mediainfo": {
          "version": "2.2.1",
          "resolved": "http://bnpm.byted.org/xgplayer-transmuxer-model-mediainfo/download/xgplayer-transmuxer-model-mediainfo-2.2.1.tgz",
          "integrity": "sha1-Y4MOsFA3LQaiWu4wmTepLwmG9Fw="
        }
      }
    },
    "xgplayer-transmuxer-demux-flv": {
      "version": "2.2.1",
      "resolved": "http://bnpm.byted.org/xgplayer-transmuxer-demux-flv/download/xgplayer-transmuxer-demux-flv-2.2.1.tgz",
      "integrity": "sha1-N7ilnLxaNJiuakC27+/cz8OObBY=",
      "requires": {
        "xgplayer-transmuxer-buffer-stream": "^2.2.1",
        "xgplayer-transmuxer-buffer-track": "2.2.1",
        "xgplayer-transmuxer-codec-avc": "2.2.1",
        "xgplayer-transmuxer-codec-hevc": "2.2.1",
        "xgplayer-transmuxer-constant-events": "2.2.1",
        "xgplayer-transmuxer-context": "^2.2.1",
        "xgplayer-transmuxer-model-trackmeta": "2.2.1",
        "xgplayer-utils-sniffer": "^2.2.1",
        "xgplayer-utils-utf8": "^2.2.1"
      },
      "dependencies": {
        "xgplayer-transmuxer-buffer-stream": {
          "version": "2.2.1",
          "resolved": "http://bnpm.byted.org/xgplayer-transmuxer-buffer-stream/download/xgplayer-transmuxer-buffer-stream-2.2.1.tgz",
          "integrity": "sha1-//yb3Qr47wi4oO1SQY1V+11/G7A="
        },
        "xgplayer-transmuxer-buffer-track": {
          "version": "2.2.1",
          "resolved": "http://bnpm.byted.org/xgplayer-transmuxer-buffer-track/download/xgplayer-transmuxer-buffer-track-2.2.1.tgz",
          "integrity": "sha1-/r6tRoQuY0X1tnNUU9ltwnakL6Q="
        },
        "xgplayer-transmuxer-codec-hevc": {
          "version": "2.2.1",
          "resolved": "http://bnpm.byted.org/xgplayer-transmuxer-codec-hevc/download/xgplayer-transmuxer-codec-hevc-2.2.1.tgz",
          "integrity": "sha1-XpisVTIigGoEHAdVypTSpG7/T7A="
        },
        "xgplayer-transmuxer-model-trackmeta": {
          "version": "2.2.1",
          "resolved": "http://bnpm.byted.org/xgplayer-transmuxer-model-trackmeta/download/xgplayer-transmuxer-model-trackmeta-2.2.1.tgz",
          "integrity": "sha1-sAp5if5wUXCtG24nqrUfoX5QONw="
        },
        "xgplayer-utils-sniffer": {
          "version": "2.2.1",
          "resolved": "http://bnpm.byted.org/xgplayer-utils-sniffer/download/xgplayer-utils-sniffer-2.2.1.tgz",
          "integrity": "sha1-AxmEZa7COfY6keXfRM4GG1PvoOE=",
          "requires": {
            "xgplayer-transmuxer-constant-events": "^2.2.1"
          }
        },
        "xgplayer-utils-utf8": {
          "version": "2.2.1",
          "resolved": "http://bnpm.byted.org/xgplayer-utils-utf8/download/xgplayer-utils-utf8-2.2.1.tgz",
          "integrity": "sha1-YiurHXYfGZ8iYiE+Ymuj/CGtK1c="
        }
      }
    }
  }
}
