# THIS IS AN AUTOGENERATED FILE. DO NOT EDIT THIS FILE DIRECTLY.
# yarn lockfile v1


concat-typed-array@^1.0.2:
  version "1.0.2"
  resolved "http://bnpm.byted.org/concat-typed-array/download/concat-typed-array-1.0.2.tgz#67880c3ce19ecff110c31598b41c7f4739d47ca0"
  integrity sha1-Z4gMPOGez/EQwxWYtBx/RznUfKA=
